# THIS IS AN AUTOGENERATED FILE. DO NOT EDIT THIS FILE DIRECTLY.
# yarn lockfile v1


topbar@^0.1.4:
  version "0.1.4"
  resolved "https://registry.yarnpkg.com/topbar/-/topbar-0.1.4.tgz#d050e536ef5053d9629499ed71008b88cb2398fb"
  integrity sha512-P3n4WnN4GFd2mQXDo30rQmsAGe4V1bVkggtTreSbNyL50Fyc+eVkW5oatSLeGQmJoan2TLIgoXUZypN+6nw4MQ==
